
Microsoft Visual Studio Solution File, Format Version 12.00
Project("{FAE04EC0-301F-11D3-BF4B-00C04F79EFBC}") = "Socketize.DependencyInjection", "Socketize.DependencyInjection\Socketize.DependencyInjection.csproj", "{F3FDB89F-9FAC-4103-A17A-E0B0E717E15A}"
EndProject
Project("{FAE04EC0-301F-11D3-BF4B-00C04F79EFBC}") = "Socketize.Server.AspNetCore", "Socketize.Server.AspNetCore\Socketize.Server.AspNetCore.csproj", "{BA1FA164-77F1-49B6-A0DC-439FCB5EEAEE}"
EndProject
Project("{FAE04EC0-301F-11D3-BF4B-00C04F79EFBC}") = "Socketize.Tests", "Socketize.Tests\Socketize.Tests.csproj", "{4D09346B-6854-4983-9F20-F7A7A0AF5C39}"
EndProject
Project("{FAE04EC0-301F-11D3-BF4B-00C04F79EFBC}") = "Socketize.Core", "Socketize.Core\Socketize.Core.csproj", "{3284BCC2-7717-418C-946D-E4BCFF3ACD07}"
EndProject
Project("{FAE04EC0-301F-11D3-BF4B-00C04F79EFBC}") = "Socketize.Client", "Socketize.Client\Socketize.Client.csproj", "{976BD6D4-3921-44A3-9BE6-80F0E97940FF}"
EndProject
Project("{FAE04EC0-301F-11D3-BF4B-00C04F79EFBC}") = "Socketize.Server", "Socketize.Server\Socketize.Server.csproj", "{173DF3DC-9FCD-4BD2-92D0-54894C87BFBE}"
EndProject
Project("{2150E333-8FDC-42A3-9474-1A3956D46DE8}") = "Client", "Client", "{C1C3AF25-7EE8-41E0-A8BE-4309ED473A8C}"
EndProject
Project("{2150E333-8FDC-42A3-9474-1A3956D46DE8}") = "Tests", "Tests", "{B408EF6C-CB79-442F-AF85-8938DA3A317B}"
EndProject
Project("{2150E333-8FDC-42A3-9474-1A3956D46DE8}") = "Server", "Server", "{9FB7F623-5FBE-4C37-8FBC-3FC5A3F4B011}"
EndProject
Project("{FAE04EC0-301F-11D3-BF4B-00C04F79EFBC}") = "Socketize.Client.DependencyInjection", "Socketize.Client.DependencyInjection\Socketize.Client.DependencyInjection.csproj", "{3FD24682-EB34-4D8D-AD8C-AB06A0D7F992}"
EndProject
Project("{FAE04EC0-301F-11D3-BF4B-00C04F79EFBC}") = "Socketize.Server.DependencyInjection", "Socketize.Server.DependencyInjection\Socketize.Server.DependencyInjection.csproj", "{A3A0D9D4-D7D7-4662-A581-69D1BEDF7689}"
EndProject
Project("{2150E333-8FDC-42A3-9474-1A3956D46DE8}") = "Examples", "Examples", "{24718F87-7C43-42C6-8D32-53A4BC0BC1A0}"
EndProject
Project("{2150E333-8FDC-42A3-9474-1A3956D46DE8}") = "ConsoleChat", "ConsoleChat", "{20A6EBA6-3064-4945-B3A3-AEF39C2872B9}"
EndProject
Project("{FAE04EC0-301F-11D3-BF4B-00C04F79EFBC}") = "ConsoleChat.Server", "Examples\ConsoleChat\ConsoleChat.Server\ConsoleChat.Server.csproj", "{281B884A-4178-4759-A21A-A34B802C3680}"
EndProject
Project("{FAE04EC0-301F-11D3-BF4B-00C04F79EFBC}") = "ConsoleChat.Contract", "Examples\ConsoleChat\ConsoleChat.Contract\ConsoleChat.Contract.csproj", "{F3CC0017-12CD-4CD0-B0F8-6527AABF9657}"
EndProject
Project("{FAE04EC0-301F-11D3-BF4B-00C04F79EFBC}") = "ConsoleChat.Client", "Examples\ConsoleChat\ConsoleChat.Client\ConsoleChat.Client.csproj", "{10146251-4791-420B-8223-6B030191DD35}"
EndProject
Global
	GlobalSection(SolutionConfigurationPlatforms) = preSolution
		Debug|Any CPU = Debug|Any CPU
		Release|Any CPU = Release|Any CPU
	EndGlobalSection
	GlobalSection(ProjectConfigurationPlatforms) = postSolution
		{F3FDB89F-9FAC-4103-A17A-E0B0E717E15A}.Debug|Any CPU.ActiveCfg = Debug|Any CPU
		{F3FDB89F-9FAC-4103-A17A-E0B0E717E15A}.Debug|Any CPU.Build.0 = Debug|Any CPU
		{F3FDB89F-9FAC-4103-A17A-E0B0E717E15A}.Release|Any CPU.ActiveCfg = Release|Any CPU
		{F3FDB89F-9FAC-4103-A17A-E0B0E717E15A}.Release|Any CPU.Build.0 = Release|Any CPU
		{BA1FA164-77F1-49B6-A0DC-439FCB5EEAEE}.Debug|Any CPU.ActiveCfg = Debug|Any CPU
		{BA1FA164-77F1-49B6-A0DC-439FCB5EEAEE}.Debug|Any CPU.Build.0 = Debug|Any CPU
		{BA1FA164-77F1-49B6-A0DC-439FCB5EEAEE}.Release|Any CPU.ActiveCfg = Release|Any CPU
		{BA1FA164-77F1-49B6-A0DC-439FCB5EEAEE}.Release|Any CPU.Build.0 = Release|Any CPU
		{4D09346B-6854-4983-9F20-F7A7A0AF5C39}.Debug|Any CPU.ActiveCfg = Debug|Any CPU
		{4D09346B-6854-4983-9F20-F7A7A0AF5C39}.Debug|Any CPU.Build.0 = Debug|Any CPU
		{4D09346B-6854-4983-9F20-F7A7A0AF5C39}.Release|Any CPU.ActiveCfg = Release|Any CPU
		{4D09346B-6854-4983-9F20-F7A7A0AF5C39}.Release|Any CPU.Build.0 = Release|Any CPU
		{3284BCC2-7717-418C-946D-E4BCFF3ACD07}.Debug|Any CPU.ActiveCfg = Debug|Any CPU
		{3284BCC2-7717-418C-946D-E4BCFF3ACD07}.Debug|Any CPU.Build.0 = Debug|Any CPU
		{3284BCC2-7717-418C-946D-E4BCFF3ACD07}.Release|Any CPU.ActiveCfg = Release|Any CPU
		{3284BCC2-7717-418C-946D-E4BCFF3ACD07}.Release|Any CPU.Build.0 = Release|Any CPU
		{976BD6D4-3921-44A3-9BE6-80F0E97940FF}.Debug|Any CPU.ActiveCfg = Debug|Any CPU
		{976BD6D4-3921-44A3-9BE6-80F0E97940FF}.Debug|Any CPU.Build.0 = Debug|Any CPU
		{976BD6D4-3921-44A3-9BE6-80F0E97940FF}.Release|Any CPU.ActiveCfg = Release|Any CPU
		{976BD6D4-3921-44A3-9BE6-80F0E97940FF}.Release|Any CPU.Build.0 = Release|Any CPU
		{173DF3DC-9FCD-4BD2-92D0-54894C87BFBE}.Debug|Any CPU.ActiveCfg = Debug|Any CPU
		{173DF3DC-9FCD-4BD2-92D0-54894C87BFBE}.Debug|Any CPU.Build.0 = Debug|Any CPU
		{173DF3DC-9FCD-4BD2-92D0-54894C87BFBE}.Release|Any CPU.ActiveCfg = Release|Any CPU
		{173DF3DC-9FCD-4BD2-92D0-54894C87BFBE}.Release|Any CPU.Build.0 = Release|Any CPU
		{3FD24682-EB34-4D8D-AD8C-AB06A0D7F992}.Debug|Any CPU.ActiveCfg = Debug|Any CPU
		{3FD24682-EB34-4D8D-AD8C-AB06A0D7F992}.Debug|Any CPU.Build.0 = Debug|Any CPU
		{3FD24682-EB34-4D8D-AD8C-AB06A0D7F992}.Release|Any CPU.ActiveCfg = Release|Any CPU
		{3FD24682-EB34-4D8D-AD8C-AB06A0D7F992}.Release|Any CPU.Build.0 = Release|Any CPU
		{A3A0D9D4-D7D7-4662-A581-69D1BEDF7689}.Debug|Any CPU.ActiveCfg = Debug|Any CPU
		{A3A0D9D4-D7D7-4662-A581-69D1BEDF7689}.Debug|Any CPU.Build.0 = Debug|Any CPU
		{A3A0D9D4-D7D7-4662-A581-69D1BEDF7689}.Release|Any CPU.ActiveCfg = Release|Any CPU
		{A3A0D9D4-D7D7-4662-A581-69D1BEDF7689}.Release|Any CPU.Build.0 = Release|Any CPU
		{281B884A-4178-4759-A21A-A34B802C3680}.Debug|Any CPU.ActiveCfg = Debug|Any CPU
		{281B884A-4178-4759-A21A-A34B802C3680}.Debug|Any CPU.Build.0 = Debug|Any CPU
		{281B884A-4178-4759-A21A-A34B802C3680}.Release|Any CPU.ActiveCfg = Release|Any CPU
		{281B884A-4178-4759-A21A-A34B802C3680}.Release|Any CPU.Build.0 = Release|Any CPU
		{F3CC0017-12CD-4CD0-B0F8-6527AABF9657}.Debug|Any CPU.ActiveCfg = Debug|Any CPU
		{F3CC0017-12CD-4CD0-B0F8-6527AABF9657}.Debug|Any CPU.Build.0 = Debug|Any CPU
		{F3CC0017-12CD-4CD0-B0F8-6527AABF9657}.Release|Any CPU.ActiveCfg = Release|Any CPU
		{F3CC0017-12CD-4CD0-B0F8-6527AABF9657}.Release|Any CPU.Build.0 = Release|Any CPU
		{10146251-4791-420B-8223-6B030191DD35}.Debug|Any CPU.ActiveCfg = Debug|Any CPU
		{10146251-4791-420B-8223-6B030191DD35}.Debug|Any CPU.Build.0 = Debug|Any CPU
		{10146251-4791-420B-8223-6B030191DD35}.Release|Any CPU.ActiveCfg = Release|Any CPU
		{10146251-4791-420B-8223-6B030191DD35}.Release|Any CPU.Build.0 = Release|Any CPU
	EndGlobalSection
	GlobalSection(NestedProjects) = preSolution
		{4D09346B-6854-4983-9F20-F7A7A0AF5C39} = {B408EF6C-CB79-442F-AF85-8938DA3A317B}
		{976BD6D4-3921-44A3-9BE6-80F0E97940FF} = {C1C3AF25-7EE8-41E0-A8BE-4309ED473A8C}
		{173DF3DC-9FCD-4BD2-92D0-54894C87BFBE} = {9FB7F623-5FBE-4C37-8FBC-3FC5A3F4B011}
		{3FD24682-EB34-4D8D-AD8C-AB06A0D7F992} = {C1C3AF25-7EE8-41E0-A8BE-4309ED473A8C}
		{A3A0D9D4-D7D7-4662-A581-69D1BEDF7689} = {9FB7F623-5FBE-4C37-8FBC-3FC5A3F4B011}
		{BA1FA164-77F1-49B6-A0DC-439FCB5EEAEE} = {9FB7F623-5FBE-4C37-8FBC-3FC5A3F4B011}
		{20A6EBA6-3064-4945-B3A3-AEF39C2872B9} = {24718F87-7C43-42C6-8D32-53A4BC0BC1A0}
		{281B884A-4178-4759-A21A-A34B802C3680} = {20A6EBA6-3064-4945-B3A3-AEF39C2872B9}
		{F3CC0017-12CD-4CD0-B0F8-6527AABF9657} = {20A6EBA6-3064-4945-B3A3-AEF39C2872B9}
		{10146251-4791-420B-8223-6B030191DD35} = {20A6EBA6-3064-4945-B3A3-AEF39C2872B9}
	EndGlobalSection
EndGlobal
